// !$*UTF8*$!
{
	archiveVersion = 1;
	classes = {
	};
	objectVersion = 46;
	objects = {

/* Begin PBXBuildFile section */
		365640E51F0A3DE5005D909E /* OMMNotificationTableViewController.m in Sources */ = {isa = PBXBuildFile; fileRef = 365640E41F0A3DE5005D909E /* OMMNotificationTableViewController.m */; };
		36AF759A1EF2B39000D6FF2A /* OMMSearchTableViewController.m in Sources */ = {isa = PBXBuildFile; fileRef = 36AF75991EF2B39000D6FF2A /* OMMSearchTableViewController.m */; };
		36B7A0321F025EDA00784478 /* Assets.xcassets in Resources */ = {isa = PBXBuildFile; fileRef = 36B7A0311F025EDA00784478 /* Assets.xcassets */; };
		36BCC6081EF7EFBA00F28922 /* OMMToDoListTableViewController.m in Sources */ = {isa = PBXBuildFile; fileRef = 36BCC6071EF7EFBA00F28922 /* OMMToDoListTableViewController.m */; };
		36BCC6581EFBBA0400F28922 /* OMMTodayTableViewController.m in Sources */ = {isa = PBXBuildFile; fileRef = 36BCC6571EFBBA0400F28922 /* OMMTodayTableViewController.m */; };
		36BCC6621EFBBED900F28922 /* UIView+OMMHeaderInSection.m in Sources */ = {isa = PBXBuildFile; fileRef = 36BCC6611EFBBED900F28922 /* UIView+OMMHeaderInSection.m */; };
		7C65D0201F005305005122D0 /* OMMCreateGroupTableViewController.m in Sources */ = {isa = PBXBuildFile; fileRef = 7C65D01F1F005305005122D0 /* OMMCreateGroupTableViewController.m */; };
		8446DFB11EE28BB9004337CF /* main.m in Sources */ = {isa = PBXBuildFile; fileRef = 8446DFB01EE28BB9004337CF /* main.m */; };
		8446DFB41EE28BB9004337CF /* AppDelegate.m in Sources */ = {isa = PBXBuildFile; fileRef = 8446DFB31EE28BB9004337CF /* AppDelegate.m */; };
		8446DFB71EE28BB9004337CF /* ViewController.m in Sources */ = {isa = PBXBuildFile; fileRef = 8446DFB61EE28BB9004337CF /* ViewController.m */; };
		8446DFBA1EE28BB9004337CF /* Main.storyboard in Resources */ = {isa = PBXBuildFile; fileRef = 8446DFB81EE28BB9004337CF /* Main.storyboard */; };
		8446DFBF1EE28BB9004337CF /* LaunchScreen.storyboard in Resources */ = {isa = PBXBuildFile; fileRef = 8446DFBD1EE28BB9004337CF /* LaunchScreen.storyboard */; };
		8446DFCD1EE3017D004337CF /* OMMTask.m in Sources */ = {isa = PBXBuildFile; fileRef = 8446DFCC1EE3017D004337CF /* OMMTask.m */; };
		8446DFD01EE3032E004337CF /* OMMTasksGroup.m in Sources */ = {isa = PBXBuildFile; fileRef = 8446DFCF1EE3032E004337CF /* OMMTasksGroup.m */; };
		8446DFD31EE30423004337CF /* OMMTaskService.m in Sources */ = {isa = PBXBuildFile; fileRef = 8446DFD21EE30423004337CF /* OMMTaskService.m */; };
		8446DFF91EE35863004337CF /* OMMInboxTableViewController.m in Sources */ = {isa = PBXBuildFile; fileRef = 8446DFF81EE35863004337CF /* OMMInboxTableViewController.m */; };
		8446E0001EE36AEC004337CF /* OMMDatepickerViewController.m in Sources */ = {isa = PBXBuildFile; fileRef = 8446DFFE1EE36AEC004337CF /* OMMDatepickerViewController.m */; };
		8446E0011EE36AEC004337CF /* OMMDatepickerViewController.xib in Resources */ = {isa = PBXBuildFile; fileRef = 8446DFFF1EE36AEC004337CF /* OMMDatepickerViewController.xib */; };
		849312111EEEFBF5002F780F /* OMMTaskDetailTableVC.m in Sources */ = {isa = PBXBuildFile; fileRef = 849312101EEEFBF5002F780F /* OMMTaskDetailTableVC.m */; };
		84B348C41EE464A10017B9F0 /* NSDate+OMMDateConverter.m in Sources */ = {isa = PBXBuildFile; fileRef = 84B348C31EE464A10017B9F0 /* NSDate+OMMDateConverter.m */; };
		84DC83C21EEDCC4D00D84BC2 /* OMMTaskCell.m in Sources */ = {isa = PBXBuildFile; fileRef = 84DC83C01EEDCC4D00D84BC2 /* OMMTaskCell.m */; };
		84DC83C31EEDCC4D00D84BC2 /* OMMTaskCell.xib in Resources */ = {isa = PBXBuildFile; fileRef = 84DC83C11EEDCC4D00D84BC2 /* OMMTaskCell.xib */; };
/* End PBXBuildFile section */

/* Begin PBXFileReference section */
		365640E31F0A3DE5005D909E /* OMMNotificationTableViewController.h */ = {isa = PBXFileReference; fileEncoding = 4; lastKnownFileType = sourcecode.c.h; path = OMMNotificationTableViewController.h; sourceTree = "<group>"; };
		365640E41F0A3DE5005D909E /* OMMNotificationTableViewController.m */ = {isa = PBXFileReference; fileEncoding = 4; lastKnownFileType = sourcecode.c.objc; path = OMMNotificationTableViewController.m; sourceTree = "<group>"; };
		36AF75981EF2B39000D6FF2A /* OMMSearchTableViewController.h */ = {isa = PBXFileReference; fileEncoding = 4; lastKnownFileType = sourcecode.c.h; path = OMMSearchTableViewController.h; sourceTree = "<group>"; };
		36AF75991EF2B39000D6FF2A /* OMMSearchTableViewController.m */ = {isa = PBXFileReference; fileEncoding = 4; lastKnownFileType = sourcecode.c.objc; path = OMMSearchTableViewController.m; sourceTree = "<group>"; };
		36B7A0311F025EDA00784478 /* Assets.xcassets */ = {isa = PBXFileReference; lastKnownFileType = folder.assetcatalog; path = Assets.xcassets; sourceTree = "<group>"; };
		36BCC6061EF7EFBA00F28922 /* OMMToDoListTableViewController.h */ = {isa = PBXFileReference; fileEncoding = 4; lastKnownFileType = sourcecode.c.h; path = OMMToDoListTableViewController.h; sourceTree = "<group>"; };
		36BCC6071EF7EFBA00F28922 /* OMMToDoListTableViewController.m */ = {isa = PBXFileReference; fileEncoding = 4; lastKnownFileType = sourcecode.c.objc; path = OMMToDoListTableViewController.m; sourceTree = "<group>"; };
		36BCC6561EFBBA0400F28922 /* OMMTodayTableViewController.h */ = {isa = PBXFileReference; fileEncoding = 4; lastKnownFileType = sourcecode.c.h; path = OMMTodayTableViewController.h; sourceTree = "<group>"; };
		36BCC6571EFBBA0400F28922 /* OMMTodayTableViewController.m */ = {isa = PBXFileReference; fileEncoding = 4; lastKnownFileType = sourcecode.c.objc; path = OMMTodayTableViewController.m; sourceTree = "<group>"; };
		36BCC6601EFBBED800F28922 /* UIView+OMMHeaderInSection.h */ = {isa = PBXFileReference; fileEncoding = 4; lastKnownFileType = sourcecode.c.h; path = "UIView+OMMHeaderInSection.h"; sourceTree = "<group>"; };
		36BCC6611EFBBED900F28922 /* UIView+OMMHeaderInSection.m */ = {isa = PBXFileReference; fileEncoding = 4; lastKnownFileType = sourcecode.c.objc; path = "UIView+OMMHeaderInSection.m"; sourceTree = "<group>"; };
		7C65D01E1F005305005122D0 /* OMMCreateGroupTableViewController.h */ = {isa = PBXFileReference; fileEncoding = 4; lastKnownFileType = sourcecode.c.h; path = OMMCreateGroupTableViewController.h; sourceTree = "<group>"; };
		7C65D01F1F005305005122D0 /* OMMCreateGroupTableViewController.m */ = {isa = PBXFileReference; fileEncoding = 4; lastKnownFileType = sourcecode.c.objc; path = OMMCreateGroupTableViewController.m; sourceTree = "<group>"; };
		8446DFAC1EE28BB9004337CF /* ToDoList.app */ = {isa = PBXFileReference; explicitFileType = wrapper.application; includeInIndex = 0; path = ToDoList.app; sourceTree = BUILT_PRODUCTS_DIR; };
		8446DFB01EE28BB9004337CF /* main.m */ = {isa = PBXFileReference; lastKnownFileType = sourcecode.c.objc; path = main.m; sourceTree = "<group>"; };
		8446DFB21EE28BB9004337CF /* AppDelegate.h */ = {isa = PBXFileReference; lastKnownFileType = sourcecode.c.h; path = AppDelegate.h; sourceTree = "<group>"; };
		8446DFB31EE28BB9004337CF /* AppDelegate.m */ = {isa = PBXFileReference; lastKnownFileType = sourcecode.c.objc; path = AppDelegate.m; sourceTree = "<group>"; };
		8446DFB51EE28BB9004337CF /* ViewController.h */ = {isa = PBXFileReference; lastKnownFileType = sourcecode.c.h; path = ViewController.h; sourceTree = "<group>"; };
		8446DFB61EE28BB9004337CF /* ViewController.m */ = {isa = PBXFileReference; lastKnownFileType = sourcecode.c.objc; path = ViewController.m; sourceTree = "<group>"; };
		8446DFB91EE28BB9004337CF /* Base */ = {isa = PBXFileReference; lastKnownFileType = file.storyboard; name = Base; path = Base.lproj/Main.storyboard; sourceTree = "<group>"; };
		8446DFBE1EE28BB9004337CF /* Base */ = {isa = PBXFileReference; lastKnownFileType = file.storyboard; name = Base; path = Base.lproj/LaunchScreen.storyboard; sourceTree = "<group>"; };
		8446DFC01EE28BB9004337CF /* Info.plist */ = {isa = PBXFileReference; lastKnownFileType = text.plist.xml; path = Info.plist; sourceTree = "<group>"; };
		8446DFCB1EE3017D004337CF /* OMMTask.h */ = {isa = PBXFileReference; fileEncoding = 4; lastKnownFileType = sourcecode.c.h; path = OMMTask.h; sourceTree = "<group>"; };
		8446DFCC1EE3017D004337CF /* OMMTask.m */ = {isa = PBXFileReference; fileEncoding = 4; lastKnownFileType = sourcecode.c.objc; path = OMMTask.m; sourceTree = "<group>"; };
		8446DFCE1EE3032E004337CF /* OMMTasksGroup.h */ = {isa = PBXFileReference; fileEncoding = 4; lastKnownFileType = sourcecode.c.h; path = OMMTasksGroup.h; sourceTree = "<group>"; };
		8446DFCF1EE3032E004337CF /* OMMTasksGroup.m */ = {isa = PBXFileReference; fileEncoding = 4; lastKnownFileType = sourcecode.c.objc; path = OMMTasksGroup.m; sourceTree = "<group>"; };
		8446DFD11EE30423004337CF /* OMMTaskService.h */ = {isa = PBXFileReference; fileEncoding = 4; lastKnownFileType = sourcecode.c.h; path = OMMTaskService.h; sourceTree = "<group>"; };
		8446DFD21EE30423004337CF /* OMMTaskService.m */ = {isa = PBXFileReference; fileEncoding = 4; lastKnownFileType = sourcecode.c.objc; path = OMMTaskService.m; sourceTree = "<group>"; };
		8446DFF71EE35863004337CF /* OMMInboxTableViewController.h */ = {isa = PBXFileReference; fileEncoding = 4; lastKnownFileType = sourcecode.c.h; path = OMMInboxTableViewController.h; sourceTree = "<group>"; };
		8446DFF81EE35863004337CF /* OMMInboxTableViewController.m */ = {isa = PBXFileReference; fileEncoding = 4; lastKnownFileType = sourcecode.c.objc; path = OMMInboxTableViewController.m; sourceTree = "<group>"; };
		8446DFFD1EE36AEC004337CF /* OMMDatepickerViewController.h */ = {isa = PBXFileReference; fileEncoding = 4; lastKnownFileType = sourcecode.c.h; path = OMMDatepickerViewController.h; sourceTree = "<group>"; };
		8446DFFE1EE36AEC004337CF /* OMMDatepickerViewController.m */ = {isa = PBXFileReference; fileEncoding = 4; lastKnownFileType = sourcecode.c.objc; path = OMMDatepickerViewController.m; sourceTree = "<group>"; };
		8446DFFF1EE36AEC004337CF /* OMMDatepickerViewController.xib */ = {isa = PBXFileReference; fileEncoding = 4; lastKnownFileType = file.xib; path = OMMDatepickerViewController.xib; sourceTree = "<group>"; };
		8493120F1EEEFBF5002F780F /* OMMTaskDetailTableVC.h */ = {isa = PBXFileReference; fileEncoding = 4; lastKnownFileType = sourcecode.c.h; path = OMMTaskDetailTableVC.h; sourceTree = "<group>"; };
		849312101EEEFBF5002F780F /* OMMTaskDetailTableVC.m */ = {isa = PBXFileReference; fileEncoding = 4; lastKnownFileType = sourcecode.c.objc; path = OMMTaskDetailTableVC.m; sourceTree = "<group>"; };
		84B348C21EE464A10017B9F0 /* NSDate+OMMDateConverter.h */ = {isa = PBXFileReference; fileEncoding = 4; lastKnownFileType = sourcecode.c.h; path = "NSDate+OMMDateConverter.h"; sourceTree = "<group>"; };
		84B348C31EE464A10017B9F0 /* NSDate+OMMDateConverter.m */ = {isa = PBXFileReference; fileEncoding = 4; lastKnownFileType = sourcecode.c.objc; path = "NSDate+OMMDateConverter.m"; sourceTree = "<group>"; };
		84DC83BF1EEDCC4D00D84BC2 /* OMMTaskCell.h */ = {isa = PBXFileReference; fileEncoding = 4; lastKnownFileType = sourcecode.c.h; path = OMMTaskCell.h; sourceTree = "<group>"; };
		84DC83C01EEDCC4D00D84BC2 /* OMMTaskCell.m */ = {isa = PBXFileReference; fileEncoding = 4; lastKnownFileType = sourcecode.c.objc; path = OMMTaskCell.m; sourceTree = "<group>"; };
		84DC83C11EEDCC4D00D84BC2 /* OMMTaskCell.xib */ = {isa = PBXFileReference; fileEncoding = 4; lastKnownFileType = file.xib; path = OMMTaskCell.xib; sourceTree = "<group>"; };
/* End PBXFileReference section */

/* Begin PBXFrameworksBuildPhase section */
		8446DFA91EE28BB9004337CF /* Frameworks */ = {
			isa = PBXFrameworksBuildPhase;
			buildActionMask = 2147483647;
			files = (
			);
			runOnlyForDeploymentPostprocessing = 0;
		};
/* End PBXFrameworksBuildPhase section */

/* Begin PBXGroup section */
		36068B061EE58A6C0088EC2D /* Edit task/group pages */ = {
			isa = PBXGroup;
			children = (
				84DC83C41EEDCC5300D84BC2 /* TaskCell */,
				8446E0021EE36AF4004337CF /* Datepicker */,
				8493120F1EEEFBF5002F780F /* OMMTaskDetailTableVC.h */,
				849312101EEEFBF5002F780F /* OMMTaskDetailTableVC.m */,
				7C65D01E1F005305005122D0 /* OMMCreateGroupTableViewController.h */,
				7C65D01F1F005305005122D0 /* OMMCreateGroupTableViewController.m */,
			);
			name = "Edit task/group pages";
			sourceTree = "<group>";
		};
		364F25E61EE571ED00CC43C3 /* Helpers */ = {
			isa = PBXGroup;
			children = (
				84B348C21EE464A10017B9F0 /* NSDate+OMMDateConverter.h */,
				84B348C31EE464A10017B9F0 /* NSDate+OMMDateConverter.m */,
				36BCC6601EFBBED800F28922 /* UIView+OMMHeaderInSection.h */,
				36BCC6611EFBBED900F28922 /* UIView+OMMHeaderInSection.m */,
			);
			name = Helpers;
			sourceTree = "<group>";
		};
		36BCC6051EF7EF3F00F28922 /* Tabs */ = {
			isa = PBXGroup;
			children = (
				36BCC6561EFBBA0400F28922 /* OMMTodayTableViewController.h */,
				36BCC6571EFBBA0400F28922 /* OMMTodayTableViewController.m */,
				8446DFF71EE35863004337CF /* OMMInboxTableViewController.h */,
				8446DFF81EE35863004337CF /* OMMInboxTableViewController.m */,
				36BCC6061EF7EFBA00F28922 /* OMMToDoListTableViewController.h */,
				36BCC6071EF7EFBA00F28922 /* OMMToDoListTableViewController.m */,
				36AF75981EF2B39000D6FF2A /* OMMSearchTableViewController.h */,
				36AF75991EF2B39000D6FF2A /* OMMSearchTableViewController.m */,
				365640E31F0A3DE5005D909E /* OMMNotificationTableViewController.h */,
				365640E41F0A3DE5005D909E /* OMMNotificationTableViewController.m */,
			);
			name = Tabs;
			sourceTree = "<group>";
		};
		8446DFA31EE28BB9004337CF = {
			isa = PBXGroup;
			children = (
				8446DFAE1EE28BB9004337CF /* ToDoList */,
				8446DFAD1EE28BB9004337CF /* Products */,
			);
			sourceTree = "<group>";
		};
		8446DFAD1EE28BB9004337CF /* Products */ = {
			isa = PBXGroup;
			children = (
				8446DFAC1EE28BB9004337CF /* ToDoList.app */,
			);
			name = Products;
			sourceTree = "<group>";
		};
		8446DFAE1EE28BB9004337CF /* ToDoList */ = {
			isa = PBXGroup;
			children = (
				8446DFB21EE28BB9004337CF /* AppDelegate.h */,
				8446DFB31EE28BB9004337CF /* AppDelegate.m */,
				8446DFB51EE28BB9004337CF /* ViewController.h */,
				8446DFB61EE28BB9004337CF /* ViewController.m */,
				8446DFB81EE28BB9004337CF /* Main.storyboard */,
				36BCC6051EF7EF3F00F28922 /* Tabs */,
				36068B061EE58A6C0088EC2D /* Edit task/group pages */,
				8446DFFA1EE3597C004337CF /* Models */,
				364F25E61EE571ED00CC43C3 /* Helpers */,
				8446DFAF1EE28BB9004337CF /* Supporting Files */,
			);
			path = ToDoList;
			sourceTree = "<group>";
		};
		8446DFAF1EE28BB9004337CF /* Supporting Files */ = {
			isa = PBXGroup;
			children = (
				8446DFBD1EE28BB9004337CF /* LaunchScreen.storyboard */,
				8446DFC01EE28BB9004337CF /* Info.plist */,
				36B7A0311F025EDA00784478 /* Assets.xcassets */,
				8446DFB01EE28BB9004337CF /* main.m */,
			);
			name = "Supporting Files";
			sourceTree = "<group>";
		};
		8446DFFA1EE3597C004337CF /* Models */ = {
			isa = PBXGroup;
			children = (
				8446DFCB1EE3017D004337CF /* OMMTask.h */,
				8446DFCC1EE3017D004337CF /* OMMTask.m */,
				8446DFCE1EE3032E004337CF /* OMMTasksGroup.h */,
				8446DFCF1EE3032E004337CF /* OMMTasksGroup.m */,
				8446DFD11EE30423004337CF /* OMMTaskService.h */,
				8446DFD21EE30423004337CF /* OMMTaskService.m */,
			);
			name = Models;
			sourceTree = "<group>";
		};
		8446E0021EE36AF4004337CF /* Datepicker */ = {
			isa = PBXGroup;
			children = (
				8446DFFD1EE36AEC004337CF /* OMMDatepickerViewController.h */,
				8446DFFE1EE36AEC004337CF /* OMMDatepickerViewController.m */,
				8446DFFF1EE36AEC004337CF /* OMMDatepickerViewController.xib */,
			);
			name = Datepicker;
			sourceTree = "<group>";
		};
		84DC83C41EEDCC5300D84BC2 /* TaskCell */ = {
			isa = PBXGroup;
			children = (
				84DC83BF1EEDCC4D00D84BC2 /* OMMTaskCell.h */,
				84DC83C01EEDCC4D00D84BC2 /* OMMTaskCell.m */,
				84DC83C11EEDCC4D00D84BC2 /* OMMTaskCell.xib */,
			);
			name = TaskCell;
			sourceTree = "<group>";
		};
/* End PBXGroup section */

/* Begin PBXNativeTarget section */
		8446DFAB1EE28BB9004337CF /* ToDoList */ = {
			isa = PBXNativeTarget;
			buildConfigurationList = 8446DFC31EE28BB9004337CF /* Build configuration list for PBXNativeTarget "ToDoList" */;
			buildPhases = (
				8446DFA81EE28BB9004337CF /* Sources */,
				8446DFA91EE28BB9004337CF /* Frameworks */,
				8446DFAA1EE28BB9004337CF /* Resources */,
			);
			buildRules = (
			);
			dependencies = (
			);
			name = ToDoList;
			productName = ToDoList;
			productReference = 8446DFAC1EE28BB9004337CF /* ToDoList.app */;
			productType = "com.apple.product-type.application";
		};
/* End PBXNativeTarget section */

/* Begin PBXProject section */
		8446DFA41EE28BB9004337CF /* Project object */ = {
			isa = PBXProject;
			attributes = {
				CLASSPREFIX = OMM;
				LastUpgradeCheck = 0830;
				ORGANIZATIONNAME = "Oleg Myatlikov";
				TargetAttributes = {
					8446DFAB1EE28BB9004337CF = {
						CreatedOnToolsVersion = 8.3.2;
						ProvisioningStyle = Automatic;
					};
				};
			};
			buildConfigurationList = 8446DFA71EE28BB9004337CF /* Build configuration list for PBXProject "ToDoList" */;
			compatibilityVersion = "Xcode 3.2";
			developmentRegion = English;
			hasScannedForEncodings = 0;
			knownRegions = (
				en,
				Base,
			);
			mainGroup = 8446DFA31EE28BB9004337CF;
			productRefGroup = 8446DFAD1EE28BB9004337CF /* Products */;
			projectDirPath = "";
			projectRoot = "";
			targets = (
				8446DFAB1EE28BB9004337CF /* ToDoList */,
			);
		};
/* End PBXProject section */

/* Begin PBXResourcesBuildPhase section */
		8446DFAA1EE28BB9004337CF /* Resources */ = {
			isa = PBXResourcesBuildPhase;
			buildActionMask = 2147483647;
			files = (
				8446DFBF1EE28BB9004337CF /* LaunchScreen.storyboard in Resources */,
				8446E0011EE36AEC004337CF /* OMMDatepickerViewController.xib in Resources */,
				84DC83C31EEDCC4D00D84BC2 /* OMMTaskCell.xib in Resources */,
				36B7A0321F025EDA00784478 /* Assets.xcassets in Resources */,
				8446DFBA1EE28BB9004337CF /* Main.storyboard in Resources */,
			);
			runOnlyForDeploymentPostprocessing = 0;
		};
/* End PBXResourcesBuildPhase section */

/* Begin PBXSourcesBuildPhase section */
		8446DFA81EE28BB9004337CF /* Sources */ = {
			isa = PBXSourcesBuildPhase;
			buildActionMask = 2147483647;
			files = (
				8446DFF91EE35863004337CF /* OMMInboxTableViewController.m in Sources */,
				8446DFD31EE30423004337CF /* OMMTaskService.m in Sources */,
				8446DFB71EE28BB9004337CF /* ViewController.m in Sources */,
				8446DFCD1EE3017D004337CF /* OMMTask.m in Sources */,
				8446DFD01EE3032E004337CF /* OMMTasksGroup.m in Sources */,
				36BCC6621EFBBED900F28922 /* UIView+OMMHeaderInSection.m in Sources */,
				8446E0001EE36AEC004337CF /* OMMDatepickerViewController.m in Sources */,
				365640E51F0A3DE5005D909E /* OMMNotificationTableViewController.m in Sources */,
				7C65D0201F005305005122D0 /* OMMCreateGroupTableViewController.m in Sources */,
				849312111EEEFBF5002F780F /* OMMTaskDetailTableVC.m in Sources */,
				36BCC6081EF7EFBA00F28922 /* OMMToDoListTableViewController.m in Sources */,
				84DC83C21EEDCC4D00D84BC2 /* OMMTaskCell.m in Sources */,
				8446DFB41EE28BB9004337CF /* AppDelegate.m in Sources */,
				8446DFB11EE28BB9004337CF /* main.m in Sources */,
				84B348C41EE464A10017B9F0 /* NSDate+OMMDateConverter.m in Sources */,
				36AF759A1EF2B39000D6FF2A /* OMMSearchTableViewController.m in Sources */,
				36BCC6581EFBBA0400F28922 /* OMMTodayTableViewController.m in Sources */,
			);
			runOnlyForDeploymentPostprocessing = 0;
		};
/* End PBXSourcesBuildPhase section */

/* Begin PBXVariantGroup section */
		8446DFB81EE28BB9004337CF /* Main.storyboard */ = {
			isa = PBXVariantGroup;
			children = (
				8446DFB91EE28BB9004337CF /* Base */,
			);
			name = Main.storyboard;
			sourceTree = "<group>";
		};
		8446DFBD1EE28BB9004337CF /* LaunchScreen.storyboard */ = {
			isa = PBXVariantGroup;
			children = (
				8446DFBE1EE28BB9004337CF /* Base */,
			);
			name = LaunchScreen.storyboard;
			sourceTree = "<group>";
		};
/* End PBXVariantGroup section */

/* Begin XCBuildConfiguration section */
		8446DFC11EE28BB9004337CF /* Debug */ = {
			isa = XCBuildConfiguration;
			buildSettings = {
				ALWAYS_SEARCH_USER_PATHS = NO;
				CLANG_ANALYZER_NONNULL = YES;
				CLANG_ANALYZER_NUMBER_OBJECT_CONVERSION = YES_AGGRESSIVE;
				CLANG_CXX_LANGUAGE_STANDARD = "gnu++0x";
				CLANG_CXX_LIBRARY = "libc++";
				CLANG_ENABLE_MODULES = YES;
				CLANG_ENABLE_OBJC_ARC = YES;
				CLANG_WARN_BOOL_CONVERSION = YES;
				CLANG_WARN_CONSTANT_CONVERSION = YES;
				CLANG_WARN_DIRECT_OBJC_ISA_USAGE = YES_ERROR;
				CLANG_WARN_DOCUMENTATION_COMMENTS = YES;
				CLANG_WARN_EMPTY_BODY = YES;
				CLANG_WARN_ENUM_CONVERSION = YES;
				CLANG_WARN_INFINITE_RECURSION = YES;
				CLANG_WARN_INT_CONVERSION = YES;
				CLANG_WARN_OBJC_ROOT_CLASS = YES_ERROR;
				CLANG_WARN_SUSPICIOUS_MOVE = YES;
				CLANG_WARN_UNREACHABLE_CODE = YES;
				CLANG_WARN__DUPLICATE_METHOD_MATCH = YES;
				"CODE_SIGN_IDENTITY[sdk=iphoneos*]" = "iPhone Developer";
				COPY_PHASE_STRIP = NO;
				DEBUG_INFORMATION_FORMAT = dwarf;
				ENABLE_STRICT_OBJC_MSGSEND = YES;
				ENABLE_TESTABILITY = YES;
				GCC_C_LANGUAGE_STANDARD = gnu99;
				GCC_DYNAMIC_NO_PIC = NO;
				GCC_NO_COMMON_BLOCKS = YES;
				GCC_OPTIMIZATION_LEVEL = 0;
				GCC_PREPROCESSOR_DEFINITIONS = (
					"DEBUG=1",
					"$(inherited)",
				);
				GCC_WARN_64_TO_32_BIT_CONVERSION = YES;
				GCC_WARN_ABOUT_RETURN_TYPE = YES_ERROR;
				GCC_WARN_UNDECLARED_SELECTOR = YES;
				GCC_WARN_UNINITIALIZED_AUTOS = YES_AGGRESSIVE;
				GCC_WARN_UNUSED_FUNCTION = YES;
				GCC_WARN_UNUSED_VARIABLE = YES;
				IPHONEOS_DEPLOYMENT_TARGET = 10.3;
				MTL_ENABLE_DEBUG_INFO = YES;
				ONLY_ACTIVE_ARCH = YES;
				SDKROOT = iphoneos;
				TARGETED_DEVICE_FAMILY = "1,2";
			};
			name = Debug;
		};
		8446DFC21EE28BB9004337CF /* Release */ = {
			isa = XCBuildConfiguration;
			buildSettings = {
				ALWAYS_SEARCH_USER_PATHS = NO;
				CLANG_ANALYZER_NONNULL = YES;
				CLANG_ANALYZER_NUMBER_OBJECT_CONVERSION = YES_AGGRESSIVE;
				CLANG_CXX_LANGUAGE_STANDARD = "gnu++0x";
				CLANG_CXX_LIBRARY = "libc++";
				CLANG_ENABLE_MODULES = YES;
				CLANG_ENABLE_OBJC_ARC = YES;
				CLANG_WARN_BOOL_CONVERSION = YES;
				CLANG_WARN_CONSTANT_CONVERSION = YES;
				CLANG_WARN_DIRECT_OBJC_ISA_USAGE = YES_ERROR;
				CLANG_WARN_DOCUMENTATION_COMMENTS = YES;
				CLANG_WARN_EMPTY_BODY = YES;
				CLANG_WARN_ENUM_CONVERSION = YES;
				CLANG_WARN_INFINITE_RECURSION = YES;
				CLANG_WARN_INT_CONVERSION = YES;
				CLANG_WARN_OBJC_ROOT_CLASS = YES_ERROR;
				CLANG_WARN_SUSPICIOUS_MOVE = YES;
				CLANG_WARN_UNREACHABLE_CODE = YES;
				CLANG_WARN__DUPLICATE_METHOD_MATCH = YES;
				"CODE_SIGN_IDENTITY[sdk=iphoneos*]" = "iPhone Developer";
				COPY_PHASE_STRIP = NO;
				DEBUG_INFORMATION_FORMAT = "dwarf-with-dsym";
				ENABLE_NS_ASSERTIONS = NO;
				ENABLE_STRICT_OBJC_MSGSEND = YES;
				GCC_C_LANGUAGE_STANDARD = gnu99;
				GCC_NO_COMMON_BLOCKS = YES;
				GCC_WARN_64_TO_32_BIT_CONVERSION = YES;
				GCC_WARN_ABOUT_RETURN_TYPE = YES_ERROR;
				GCC_WARN_UNDECLARED_SELECTOR = YES;
				GCC_WARN_UNINITIALIZED_AUTOS = YES_AGGRESSIVE;
				GCC_WARN_UNUSED_FUNCTION = YES;
				GCC_WARN_UNUSED_VARIABLE = YES;
				IPHONEOS_DEPLOYMENT_TARGET = 10.3;
				MTL_ENABLE_DEBUG_INFO = NO;
				SDKROOT = iphoneos;
				TARGETED_DEVICE_FAMILY = "1,2";
				VALIDATE_PRODUCT = YES;
			};
			name = Release;
		};
		8446DFC41EE28BB9004337CF /* Debug */ = {
			isa = XCBuildConfiguration;
			buildSettings = {
				ASSETCATALOG_COMPILER_APPICON_NAME = AppIcon;
				INFOPLIST_FILE = ToDoList/Info.plist;
				IPHONEOS_DEPLOYMENT_TARGET = 9.0;
				LD_RUNPATH_SEARCH_PATHS = "$(inherited) @executable_path/Frameworks";
				PRODUCT_BUNDLE_IDENTIFIER = com.olegmyatlikov.ToDoList;
				PRODUCT_NAME = "$(TARGET_NAME)";
			};
			name = Debug;
		};
		8446DFC51EE28BB9004337CF /* Release */ = {
			isa = XCBuildConfiguration;
			buildSettings = {
				ASSETCATALOG_COMPILER_APPICON_NAME = AppIcon;
				INFOPLIST_FILE = ToDoList/Info.plist;
				IPHONEOS_DEPLOYMENT_TARGET = 9.0;
				LD_RUNPATH_SEARCH_PATHS = "$(inherited) @executable_path/Frameworks";
				PRODUCT_BUNDLE_IDENTIFIER = com.olegmyatlikov.ToDoList;
				PRODUCT_NAME = "$(TARGET_NAME)";
			};
			name = Release;
		};
/* End XCBuildConfiguration section */

/* Begin XCConfigurationList section */
		8446DFA71EE28BB9004337CF /* Build configuration list for PBXProject "ToDoList" */ = {
			isa = XCConfigurationList;
			buildConfigurations = (
				8446DFC11EE28BB9004337CF /* Debug */,
				8446DFC21EE28BB9004337CF /* Release */,
			);
			defaultConfigurationIsVisible = 0;
			defaultConfigurationName = Release;
		};
		8446DFC31EE28BB9004337CF /* Build configuration list for PBXNativeTarget "ToDoList" */ = {
			isa = XCConfigurationList;
			buildConfigurations = (
				8446DFC41EE28BB9004337CF /* Debug */,
				8446DFC51EE28BB9004337CF /* Release */,
			);
			defaultConfigurationIsVisible = 0;
			defaultConfigurationName = Release;
		};
/* End XCConfigurationList section */
	};
	rootObject = 8446DFA41EE28BB9004337CF /* Project object */;
}
